
Microsoft Visual Studio Solution File, Format Version 12.00
# Visual Studio 2013
VisualStudioVersion = 12.0.21005.1
MinimumVisualStudioVersion = 10.0.40219.1
Project("{FAE04EC0-301F-11D3-BF4B-00C04F79EFBC}") = "OpTiCs", "OpTiCs\OpTiCs.csproj", "{DFEF2E07-A58A-4280-A34E-DAF64B53038D}"
EndProject
Global
	GlobalSection(SolutionConfigurationPlatforms) = preSolution
		Debug|Any CPU = Debug|Any CPU
		Release|Any CPU = Release|Any CPU
	EndGlobalSection
	GlobalSection(ProjectConfigurationPlatforms) = postSolution
		{DFEF2E07-A58A-4280-A34E-DAF64B53038D}.Debug|Any CPU.ActiveCfg = Debug|Any CPU
		{DFEF2E07-A58A-4280-A34E-DAF64B53038D}.Debug|Any CPU.Build.0 = Debug|Any CPU
		{DFEF2E07-A58A-4280-A34E-DAF64B53038D}.Release|Any CPU.ActiveCfg = Release|Any CPU
		{DFEF2E07-A58A-4280-A34E-DAF64B53038D}.Release|Any CPU.Build.0 = Release|Any CPU
	EndGlobalSection
	GlobalSection(SolutionProperties) = preSolution
		HideSolutionNode = FALSE
	EndGlobalSection
EndGlobal
